
Microsoft Visual Studio Solution File, Format Version 12.00
# Visual Studio Version 16
VisualStudioVersion = 16.0.30114.105
MinimumVisualStudioVersion = 10.0.40219.1
Project("{FAE04EC0-301F-11D3-BF4B-00C04F79EFBC}") = "arknight mission clicker", "arknight mission clicker\arknight mission clicker.csproj", "{E798BC42-0155-4CF7-AA51-A3C3F9BC4924}"
EndProject
Global
	GlobalSection(SolutionConfigurationPlatforms) = preSolution
		Debug|Any CPU = Debug|Any CPU
		Release|Any CPU = Release|Any CPU
	EndGlobalSection
	GlobalSection(ProjectConfigurationPlatforms) = postSolution
		{E798BC42-0155-4CF7-AA51-A3C3F9BC4924}.Debug|Any CPU.ActiveCfg = Debug|Any CPU
		{E798BC42-0155-4CF7-AA51-A3C3F9BC4924}.Debug|Any CPU.Build.0 = Debug|Any CPU
		{E798BC42-0155-4CF7-AA51-A3C3F9BC4924}.Release|Any CPU.ActiveCfg = Release|Any CPU
		{E798BC42-0155-4CF7-AA51-A3C3F9BC4924}.Release|Any CPU.Build.0 = Release|Any CPU
	EndGlobalSection
	GlobalSection(SolutionProperties) = preSolution
		HideSolutionNode = FALSE
	EndGlobalSection
	GlobalSection(ExtensibilityGlobals) = postSolution
		SolutionGuid = {05997F86-A1E5-4364-BB58-81F085CCD6CB}
	EndGlobalSection
EndGlobal
